
Microsoft Visual Studio Solution File, Format Version 12.00
# Visual Studio Version 17
VisualStudioVersion = 17.9.34723.18
MinimumVisualStudioVersion = 10.0.40219.1
Project("{FAE04EC0-301F-11D3-BF4B-00C04F79EFBC}") = "SubWebApp", "SubWebApp\SubWebApp.csproj", "{70F0C9F8-11D1-4173-8B10-35788E61E7E2}"
EndProject
Project("{FAE04EC0-301F-11D3-BF4B-00C04F79EFBC}") = "Data", "Data\Data.csproj", "{37853975-32E0-48A7-9DAF-D61423929716}"
EndProject
Project("{FAE04EC0-301F-11D3-BF4B-00C04F79EFBC}") = "Infrastructure", "Infrastructure\Infrastructure.csproj", "{F8102E60-F32C-47B4-AFD2-AA11967D5D33}"
EndProject
Global
	GlobalSection(SolutionConfigurationPlatforms) = preSolution
		Debug|Any CPU = Debug|Any CPU
		Release|Any CPU = Release|Any CPU
	EndGlobalSection
	GlobalSection(ProjectConfigurationPlatforms) = postSolution
		{70F0C9F8-11D1-4173-8B10-35788E61E7E2}.Debug|Any CPU.ActiveCfg = Debug|Any CPU
		{70F0C9F8-11D1-4173-8B10-35788E61E7E2}.Debug|Any CPU.Build.0 = Debug|Any CPU
		{70F0C9F8-11D1-4173-8B10-35788E61E7E2}.Release|Any CPU.ActiveCfg = Release|Any CPU
		{70F0C9F8-11D1-4173-8B10-35788E61E7E2}.Release|Any CPU.Build.0 = Release|Any CPU
		{37853975-32E0-48A7-9DAF-D61423929716}.Debug|Any CPU.ActiveCfg = Debug|Any CPU
		{37853975-32E0-48A7-9DAF-D61423929716}.Debug|Any CPU.Build.0 = Debug|Any CPU
		{37853975-32E0-48A7-9DAF-D61423929716}.Release|Any CPU.ActiveCfg = Release|Any CPU
		{37853975-32E0-48A7-9DAF-D61423929716}.Release|Any CPU.Build.0 = Release|Any CPU
		{F8102E60-F32C-47B4-AFD2-AA11967D5D33}.Debug|Any CPU.ActiveCfg = Debug|Any CPU
		{F8102E60-F32C-47B4-AFD2-AA11967D5D33}.Debug|Any CPU.Build.0 = Debug|Any CPU
		{F8102E60-F32C-47B4-AFD2-AA11967D5D33}.Release|Any CPU.ActiveCfg = Release|Any CPU
		{F8102E60-F32C-47B4-AFD2-AA11967D5D33}.Release|Any CPU.Build.0 = Release|Any CPU
	EndGlobalSection
	GlobalSection(SolutionProperties) = preSolution
		HideSolutionNode = FALSE
	EndGlobalSection
	GlobalSection(ExtensibilityGlobals) = postSolution
		SolutionGuid = {4EAC02DF-427E-45F3-9AD6-7BE62B07D607}
	EndGlobalSection
EndGlobal
